<?xml version="1.0" encoding="utf-8"?>
<Project ToolsVersion="4.0" xmlns="http://schemas.microsoft.com/developer/msbuild/2003">
  <ItemGroup>
    <Filter Include="Form Files">
      <UniqueIdentifier>{99349809-55BA-4b9d-BF79-8FDBB0286EB3}</UniqueIdentifier>
      <Extensions>ui</Extensions>
    </Filter>
    <Filter Include="Resource Files">
      <UniqueIdentifier>{D9D6E242-F8AF-46E4-B9FD-80ECBC20BA3E}</UniqueIdentifier>
      <Extensions>qrc;*</Extensions>
      <ParseFiles>false</ParseFiles>
    </Filter>
    <Filter Include="Generated Files">
      <UniqueIdentifier>{71ED8ED8-ACB9-4CE9-BBE1-E00B30144E11}</UniqueIdentifier>
      <Extensions>moc;h;cpp</Extensions>
      <SourceControlFiles>False</SourceControlFiles>
    </Filter>
    <Filter Include="Generated Files\Debug">
      <UniqueIdentifier>{d3afaa6d-e386-4758-b672-c686d942da0b}</UniqueIdentifier>
      <Extensions>cpp;moc</Extensions>
      <SourceControlFiles>False</SourceControlFiles>
    </Filter>
    <Filter Include="Generated Files\Release">
      <UniqueIdentifier>{754ddd46-9a21-4cf9-a600-c05c475abec8}</UniqueIdentifier>
      <Extensions>cpp;moc</Extensions>
      <SourceControlFiles>False</SourceControlFiles>
    </Filter>
    <Filter Include="MeshViewer">
      <UniqueIdentifier>{b9690461-3e9c-4ed8-8e0b-c7cb2e912c2a}</UniqueIdentifier>
    </Filter>
    <Filter Include="GUI">
      <UniqueIdentifier>{f299ca37-dbc9-41ae-8da1-8212567fabbe}</UniqueIdentifier>
    </Filter>
    <Filter Include="Header Files">
      <UniqueIdentifier>{93995380-89BD-4b04-88EB-625FBE52EBFB}</UniqueIdentifier>
      <Extensions>h;hh;hpp;hxx;hm;inl;inc;xsd</Extensions>
      <ParseFiles>true</ParseFiles>
    </Filter>
    <Filter Include="Source Files">
      <UniqueIdentifier>{4FC737F1-C7A5-4376-A066-2A32D752A2FF}</UniqueIdentifier>
      <Extensions>cpp;c;cc;cxx;def;odl;idl;hpj;bat;asm;asmx</Extensions>
      <ParseFiles>true</ParseFiles>
    </Filter>
  </ItemGroup>
  <ItemGroup>
    <ClCompile Include="GeneratedFiles\Debug\moc_surfacemeshprocessing.cpp">
      <Filter>Generated Files\Debug</Filter>
    </ClCompile>
    <ClCompile Include="GeneratedFiles\Release\moc_surfacemeshprocessing.cpp">
      <Filter>Generated Files\Release</Filter>
    </ClCompile>
    <ClCompile Include="GeneratedFiles\qrc_surfacemeshprocessing.cpp">
      <Filter>Generated Files</Filter>
    </ClCompile>
    <ClCompile Include="surfacemeshprocessing.cpp">
      <Filter>GUI</Filter>
    </ClCompile>
    <ClCompile Include="main.cpp">
      <Filter>GUI</Filter>
    </ClCompile>
    <ClCompile Include="MeshViewer\MainViewerWidget.cpp">
      <Filter>GUI</Filter>
    </ClCompile>
    <ClCompile Include="GeneratedFiles\Debug\moc_MainViewerWidget.cpp">
      <Filter>Generated Files\Debug</Filter>
    </ClCompile>
    <ClCompile Include="GeneratedFiles\Release\moc_MainViewerWidget.cpp">
      <Filter>Generated Files\Release</Filter>
    </ClCompile>
    <ClCompile Include="MeshViewer\InteractiveViewerWidget.cpp">
      <Filter>MeshViewer</Filter>
    </ClCompile>
    <ClCompile Include="GeneratedFiles\Debug\moc_InteractiveViewerWidget.cpp">
      <Filter>Generated Files\Debug</Filter>
    </ClCompile>
    <ClCompile Include="GeneratedFiles\Release\moc_InteractiveViewerWidget.cpp">
      <Filter>Generated Files\Release</Filter>
    </ClCompile>
    <ClCompile Include="MeshViewer\MeshViewerWidget.cpp">
      <Filter>MeshViewer</Filter>
    </ClCompile>
    <ClCompile Include="GeneratedFiles\Debug\moc_MeshViewerWidget.cpp">
      <Filter>Generated Files\Debug</Filter>
    </ClCompile>
    <ClCompile Include="GeneratedFiles\Release\moc_MeshViewerWidget.cpp">
      <Filter>Generated Files\Release</Filter>
    </ClCompile>
    <ClCompile Include="MeshViewer\QGLViewerWidget.cpp">
      <Filter>MeshViewer</Filter>
    </ClCompile>
    <ClCompile Include="GeneratedFiles\Debug\moc_QGLViewerWidget.cpp">
      <Filter>Generated Files\Debug</Filter>
    </ClCompile>
    <ClCompile Include="GeneratedFiles\Release\moc_QGLViewerWidget.cpp">
      <Filter>Generated Files\Release</Filter>
    </ClCompile>
    <ClCompile Include="MeshDefinition.cpp">
      <Filter>MeshViewer</Filter>
    </ClCompile>
    <ClCompile Include="GeneratedFiles\Debug\moc_MeshParamWidget.cpp">
      <Filter>Generated Files\Debug</Filter>
    </ClCompile>
    <ClCompile Include="GeneratedFiles\Release\moc_MeshParamWidget.cpp">
      <Filter>Generated Files\Release</Filter>
    </ClCompile>
    <ClCompile Include="MeshParamWidget.cpp">
      <Filter>GUI</Filter>
    </ClCompile>
  </ItemGroup>
  <ItemGroup>
    <CustomBuild Include="surfacemeshprocessing.qrc">
      <Filter>Resource Files</Filter>
    </CustomBuild>
    <CustomBuild Include="surfacemeshprocessing.h">
      <Filter>GUI</Filter>
    </CustomBuild>
    <CustomBuild Include="MeshViewer\MainViewerWidget.h">
      <Filter>GUI</Filter>
    </CustomBuild>
    <CustomBuild Include="MeshViewer\InteractiveViewerWidget.h">
      <Filter>MeshViewer</Filter>
    </CustomBuild>
    <CustomBuild Include="MeshViewer\MeshViewerWidget.h">
      <Filter>MeshViewer</Filter>
    </CustomBuild>
    <CustomBuild Include="MeshViewer\QGLViewerWidget.h">
      <Filter>MeshViewer</Filter>
    </CustomBuild>
    <CustomBuild Include="MeshParamWidget.h">
      <Filter>GUI</Filter>
    </CustomBuild>
  </ItemGroup>
  <ItemGroup>
    <ClInclude Include="MeshDefinition.h">
      <Filter>MeshViewer</Filter>
    </ClInclude>
  </ItemGroup>
</Project>